// !$*UTF8*$!
{
	archiveVersion = 1;
	classes = {
	};
	objectVersion = 46;
	objects = {

/* Begin PBXBuildFile section */
		720B0FA31C6F052100D1FEC1 /* Launch Screen.storyboard in Resources */ = {isa = PBXBuildFile; fileRef = 720B0FA21C6F052100D1FEC1 /* Launch Screen.storyboard */; };
		720B0FA61C6F0CE900D1FEC1 /* ScoreCounterNode.m in Sources */ = {isa = PBXBuildFile; fileRef = 720B0FA51C6F0CE900D1FEC1 /* ScoreCounterNode.m */; };
		720B0FA91C6F10EB00D1FEC1 /* PauseNode.m in Sources */ = {isa = PBXBuildFile; fileRef = 720B0FA81C6F10EB00D1FEC1 /* PauseNode.m */; };
		720B0FAC1C6F12E800D1FEC1 /* MissNode.m in Sources */ = {isa = PBXBuildFile; fileRef = 720B0FAB1C6F12E800D1FEC1 /* MissNode.m */; };
		720B0FAF1C6F1F0200D1FEC1 /* SKNode+Control.m in Sources */ = {isa = PBXBuildFile; fileRef = 720B0FAE1C6F1F0200D1FEC1 /* SKNode+Control.m */; };
		7218BC7B1CF28716006582D2 /* woop_up.caf in Resources */ = {isa = PBXBuildFile; fileRef = 7218BC791CF28716006582D2 /* woop_up.caf */; };
		7218BC7C1CF28716006582D2 /* woop_down.caf in Resources */ = {isa = PBXBuildFile; fileRef = 7218BC7A1CF28716006582D2 /* woop_down.caf */; };
		721B751D1CBB151800C38B1F /* RegularDonut.m in Sources */ = {isa = PBXBuildFile; fileRef = 721B751C1CBB151800C38B1F /* RegularDonut.m */; };
		721B75201CBB1C7400C38B1F /* DeceleratorDonut.m in Sources */ = {isa = PBXBuildFile; fileRef = 721B751F1CBB1C7400C38B1F /* DeceleratorDonut.m */; };
		721B75231CBB223C00C38B1F /* BlackholeDonut.m in Sources */ = {isa = PBXBuildFile; fileRef = 721B75221CBB223C00C38B1F /* BlackholeDonut.m */; };
		721B75261CBB26E400C38B1F /* BouncingDonut.m in Sources */ = {isa = PBXBuildFile; fileRef = 721B75251CBB26E400C38B1F /* BouncingDonut.m */; };
		72446A351C74480100B89D42 /* NSArray+Utils.m in Sources */ = {isa = PBXBuildFile; fileRef = 72446A341C74480100B89D42 /* NSArray+Utils.m */; };
		7263B00C19C4E7350053D61B /* LifeCounterNode.m in Sources */ = {isa = PBXBuildFile; fileRef = 7263B00B19C4E7350053D61B /* LifeCounterNode.m */; };
		726EFA4C190D94AF0076029B /* Foundation.framework in Frameworks */ = {isa = PBXBuildFile; fileRef = 726EFA4B190D94AF0076029B /* Foundation.framework */; };
		726EFA4E190D94AF0076029B /* CoreGraphics.framework in Frameworks */ = {isa = PBXBuildFile; fileRef = 726EFA4D190D94AF0076029B /* CoreGraphics.framework */; };
		726EFA50190D94AF0076029B /* UIKit.framework in Frameworks */ = {isa = PBXBuildFile; fileRef = 726EFA4F190D94AF0076029B /* UIKit.framework */; };
		726EFA52190D94AF0076029B /* SpriteKit.framework in Frameworks */ = {isa = PBXBuildFile; fileRef = 726EFA51190D94AF0076029B /* SpriteKit.framework */; };
		726EFA58190D94AF0076029B /* InfoPlist.strings in Resources */ = {isa = PBXBuildFile; fileRef = 726EFA56190D94AF0076029B /* InfoPlist.strings */; };
		726EFA5A190D94AF0076029B /* main.m in Sources */ = {isa = PBXBuildFile; fileRef = 726EFA59190D94AF0076029B /* main.m */; };
		726EFA5E190D94AF0076029B /* AppDelegate.m in Sources */ = {isa = PBXBuildFile; fileRef = 726EFA5D190D94AF0076029B /* AppDelegate.m */; };
		726EFA61190D94AF0076029B /* Main.storyboard in Resources */ = {isa = PBXBuildFile; fileRef = 726EFA5F190D94AF0076029B /* Main.storyboard */; };
		726EFA64190D94AF0076029B /* ViewController.m in Sources */ = {isa = PBXBuildFile; fileRef = 726EFA63190D94AF0076029B /* ViewController.m */; };
		726EFA67190D94AF0076029B /* MainMenuScene.m in Sources */ = {isa = PBXBuildFile; fileRef = 726EFA66190D94AF0076029B /* MainMenuScene.m */; };
		726EFA6B190D94AF0076029B /* Images.xcassets in Resources */ = {isa = PBXBuildFile; fileRef = 726EFA6A190D94AF0076029B /* Images.xcassets */; };
		726EFA72190D94B00076029B /* XCTest.framework in Frameworks */ = {isa = PBXBuildFile; fileRef = 726EFA71190D94B00076029B /* XCTest.framework */; };
		726EFA73190D94B00076029B /* Foundation.framework in Frameworks */ = {isa = PBXBuildFile; fileRef = 726EFA4B190D94AF0076029B /* Foundation.framework */; };
		726EFA74190D94B00076029B /* UIKit.framework in Frameworks */ = {isa = PBXBuildFile; fileRef = 726EFA4F190D94AF0076029B /* UIKit.framework */; };
		726EFA7C190D94B00076029B /* InfoPlist.strings in Resources */ = {isa = PBXBuildFile; fileRef = 726EFA7A190D94B00076029B /* InfoPlist.strings */; };
		726EFA7E190D94B00076029B /* OmNomDonutsTests.m in Sources */ = {isa = PBXBuildFile; fileRef = 726EFA7D190D94B00076029B /* OmNomDonutsTests.m */; };
		726EFA89190D9B280076029B /* GameScene.m in Sources */ = {isa = PBXBuildFile; fileRef = 726EFA88190D9B280076029B /* GameScene.m */; };
		72A1F2511C856BBC00024205 /* GameConfig.m in Sources */ = {isa = PBXBuildFile; fileRef = 72A1F2501C856BBC00024205 /* GameConfig.m */; };
		72DAD9D51D2C5079001C5516 /* SKNode+Utils.m in Sources */ = {isa = PBXBuildFile; fileRef = 72DAD9D41D2C5079001C5516 /* SKNode+Utils.m */; };
		72E0D6E31D2C611B00693A46 /* PlayNode.m in Sources */ = {isa = PBXBuildFile; fileRef = 72E0D6E21D2C611B00693A46 /* PlayNode.m */; };
		72E0D6E61D2C632500693A46 /* MenuNode.m in Sources */ = {isa = PBXBuildFile; fileRef = 72E0D6E51D2C632500693A46 /* MenuNode.m */; };
		72FE869F1CF28980007350BC /* omnomdonuts_theme_draft_105bpm.m4a in Resources */ = {isa = PBXBuildFile; fileRef = 72FE869E1CF28980007350BC /* omnomdonuts_theme_draft_105bpm.m4a */; };
		72FFC5CB1D84A85300E82896 /* SettingsNode.m in Sources */ = {isa = PBXBuildFile; fileRef = 72FFC5CA1D84A85300E82896 /* SettingsNode.m */; };
		72FFC5D51D84C8F500E82896 /* Slider.m in Sources */ = {isa = PBXBuildFile; fileRef = 72FFC5D41D84C8F500E82896 /* Slider.m */; };
/* End PBXBuildFile section */

/* Begin PBXContainerItemProxy section */
		726EFA75190D94B00076029B /* PBXContainerItemProxy */ = {
			isa = PBXContainerItemProxy;
			containerPortal = 726EFA40190D94AF0076029B /* Project object */;
			proxyType = 1;
			remoteGlobalIDString = 726EFA47190D94AF0076029B;
			remoteInfo = OmNomDonuts;
		};
/* End PBXContainerItemProxy section */

/* Begin PBXFileReference section */
		720B0FA21C6F052100D1FEC1 /* Launch Screen.storyboard */ = {isa = PBXFileReference; fileEncoding = 4; lastKnownFileType = file.storyboard; path = "Launch Screen.storyboard"; sourceTree = "<group>"; };
		720B0FA41C6F0CE900D1FEC1 /* ScoreCounterNode.h */ = {isa = PBXFileReference; fileEncoding = 4; lastKnownFileType = sourcecode.c.h; path = ScoreCounterNode.h; sourceTree = "<group>"; };
		720B0FA51C6F0CE900D1FEC1 /* ScoreCounterNode.m */ = {isa = PBXFileReference; fileEncoding = 4; lastKnownFileType = sourcecode.c.objc; path = ScoreCounterNode.m; sourceTree = "<group>"; };
		720B0FA71C6F10EB00D1FEC1 /* PauseNode.h */ = {isa = PBXFileReference; fileEncoding = 4; lastKnownFileType = sourcecode.c.h; path = PauseNode.h; sourceTree = "<group>"; };
		720B0FA81C6F10EB00D1FEC1 /* PauseNode.m */ = {isa = PBXFileReference; fileEncoding = 4; lastKnownFileType = sourcecode.c.objc; path = PauseNode.m; sourceTree = "<group>"; };
		720B0FAA1C6F12E800D1FEC1 /* MissNode.h */ = {isa = PBXFileReference; fileEncoding = 4; lastKnownFileType = sourcecode.c.h; path = MissNode.h; sourceTree = "<group>"; };
		720B0FAB1C6F12E800D1FEC1 /* MissNode.m */ = {isa = PBXFileReference; fileEncoding = 4; lastKnownFileType = sourcecode.c.objc; path = MissNode.m; sourceTree = "<group>"; };
		720B0FAD1C6F1F0200D1FEC1 /* SKNode+Control.h */ = {isa = PBXFileReference; fileEncoding = 4; lastKnownFileType = sourcecode.c.h; path = "SKNode+Control.h"; sourceTree = "<group>"; };
		720B0FAE1C6F1F0200D1FEC1 /* SKNode+Control.m */ = {isa = PBXFileReference; fileEncoding = 4; lastKnownFileType = sourcecode.c.objc; path = "SKNode+Control.m"; sourceTree = "<group>"; };
		7218BC791CF28716006582D2 /* woop_up.caf */ = {isa = PBXFileReference; lastKnownFileType = file; path = woop_up.caf; sourceTree = "<group>"; };
		7218BC7A1CF28716006582D2 /* woop_down.caf */ = {isa = PBXFileReference; lastKnownFileType = file; path = woop_down.caf; sourceTree = "<group>"; };
		721B751B1CBB151800C38B1F /* RegularDonut.h */ = {isa = PBXFileReference; fileEncoding = 4; lastKnownFileType = sourcecode.c.h; path = RegularDonut.h; sourceTree = "<group>"; };
		721B751C1CBB151800C38B1F /* RegularDonut.m */ = {isa = PBXFileReference; fileEncoding = 4; lastKnownFileType = sourcecode.c.objc; path = RegularDonut.m; sourceTree = "<group>"; };
		721B751E1CBB1C7400C38B1F /* DeceleratorDonut.h */ = {isa = PBXFileReference; fileEncoding = 4; lastKnownFileType = sourcecode.c.h; path = DeceleratorDonut.h; sourceTree = "<group>"; };
		721B751F1CBB1C7400C38B1F /* DeceleratorDonut.m */ = {isa = PBXFileReference; fileEncoding = 4; lastKnownFileType = sourcecode.c.objc; path = DeceleratorDonut.m; sourceTree = "<group>"; };
		721B75211CBB223C00C38B1F /* BlackholeDonut.h */ = {isa = PBXFileReference; fileEncoding = 4; lastKnownFileType = sourcecode.c.h; path = BlackholeDonut.h; sourceTree = "<group>"; };
		721B75221CBB223C00C38B1F /* BlackholeDonut.m */ = {isa = PBXFileReference; fileEncoding = 4; lastKnownFileType = sourcecode.c.objc; path = BlackholeDonut.m; sourceTree = "<group>"; };
		721B75241CBB26E400C38B1F /* BouncingDonut.h */ = {isa = PBXFileReference; fileEncoding = 4; lastKnownFileType = sourcecode.c.h; path = BouncingDonut.h; sourceTree = "<group>"; };
		721B75251CBB26E400C38B1F /* BouncingDonut.m */ = {isa = PBXFileReference; fileEncoding = 4; lastKnownFileType = sourcecode.c.objc; path = BouncingDonut.m; sourceTree = "<group>"; };
		72446A331C74480100B89D42 /* NSArray+Utils.h */ = {isa = PBXFileReference; fileEncoding = 4; lastKnownFileType = sourcecode.c.h; path = "NSArray+Utils.h"; sourceTree = "<group>"; };
		72446A341C74480100B89D42 /* NSArray+Utils.m */ = {isa = PBXFileReference; fileEncoding = 4; lastKnownFileType = sourcecode.c.objc; path = "NSArray+Utils.m"; sourceTree = "<group>"; };
		7263B00A19C4E7350053D61B /* LifeCounterNode.h */ = {isa = PBXFileReference; fileEncoding = 4; lastKnownFileType = sourcecode.c.h; path = LifeCounterNode.h; sourceTree = "<group>"; };
		7263B00B19C4E7350053D61B /* LifeCounterNode.m */ = {isa = PBXFileReference; fileEncoding = 4; lastKnownFileType = sourcecode.c.objc; path = LifeCounterNode.m; sourceTree = "<group>"; };
		726EFA48190D94AF0076029B /* OmNomDonuts.app */ = {isa = PBXFileReference; explicitFileType = wrapper.application; includeInIndex = 0; path = OmNomDonuts.app; sourceTree = BUILT_PRODUCTS_DIR; };
		726EFA4B190D94AF0076029B /* Foundation.framework */ = {isa = PBXFileReference; lastKnownFileType = wrapper.framework; name = Foundation.framework; path = System/Library/Frameworks/Foundation.framework; sourceTree = SDKROOT; };
		726EFA4D190D94AF0076029B /* CoreGraphics.framework */ = {isa = PBXFileReference; lastKnownFileType = wrapper.framework; name = CoreGraphics.framework; path = System/Library/Frameworks/CoreGraphics.framework; sourceTree = SDKROOT; };
		726EFA4F190D94AF0076029B /* UIKit.framework */ = {isa = PBXFileReference; lastKnownFileType = wrapper.framework; name = UIKit.framework; path = System/Library/Frameworks/UIKit.framework; sourceTree = SDKROOT; };
		726EFA51190D94AF0076029B /* SpriteKit.framework */ = {isa = PBXFileReference; lastKnownFileType = wrapper.framework; name = SpriteKit.framework; path = System/Library/Frameworks/SpriteKit.framework; sourceTree = SDKROOT; };
		726EFA55190D94AF0076029B /* OmNomDonuts-Info.plist */ = {isa = PBXFileReference; lastKnownFileType = text.plist.xml; path = "OmNomDonuts-Info.plist"; sourceTree = "<group>"; };
		726EFA57190D94AF0076029B /* en */ = {isa = PBXFileReference; lastKnownFileType = text.plist.strings; name = en; path = en.lproj/InfoPlist.strings; sourceTree = "<group>"; };
		726EFA59190D94AF0076029B /* main.m */ = {isa = PBXFileReference; lastKnownFileType = sourcecode.c.objc; path = main.m; sourceTree = "<group>"; };
		726EFA5B190D94AF0076029B /* OmNomDonuts-Prefix.pch */ = {isa = PBXFileReference; lastKnownFileType = sourcecode.c.h; path = "OmNomDonuts-Prefix.pch"; sourceTree = "<group>"; };
		726EFA5C190D94AF0076029B /* AppDelegate.h */ = {isa = PBXFileReference; lastKnownFileType = sourcecode.c.h; path = AppDelegate.h; sourceTree = "<group>"; };
		726EFA5D190D94AF0076029B /* AppDelegate.m */ = {isa = PBXFileReference; lastKnownFileType = sourcecode.c.objc; path = AppDelegate.m; sourceTree = "<group>"; };
		726EFA60190D94AF0076029B /* Base */ = {isa = PBXFileReference; lastKnownFileType = file.storyboard; name = Base; path = Base.lproj/Main.storyboard; sourceTree = "<group>"; };
		726EFA62190D94AF0076029B /* ViewController.h */ = {isa = PBXFileReference; lastKnownFileType = sourcecode.c.h; path = ViewController.h; sourceTree = "<group>"; };
		726EFA63190D94AF0076029B /* ViewController.m */ = {isa = PBXFileReference; lastKnownFileType = sourcecode.c.objc; path = ViewController.m; sourceTree = "<group>"; };
		726EFA65190D94AF0076029B /* MainMenuScene.h */ = {isa = PBXFileReference; lastKnownFileType = sourcecode.c.h; path = MainMenuScene.h; sourceTree = "<group>"; };
		726EFA66190D94AF0076029B /* MainMenuScene.m */ = {isa = PBXFileReference; lastKnownFileType = sourcecode.c.objc; path = MainMenuScene.m; sourceTree = "<group>"; };
		726EFA6A190D94AF0076029B /* Images.xcassets */ = {isa = PBXFileReference; lastKnownFileType = folder.assetcatalog; path = Images.xcassets; sourceTree = "<group>"; };
		726EFA70190D94B00076029B /* OmNomDonutsTests.xctest */ = {isa = PBXFileReference; explicitFileType = wrapper.cfbundle; includeInIndex = 0; path = OmNomDonutsTests.xctest; sourceTree = BUILT_PRODUCTS_DIR; };
		726EFA71190D94B00076029B /* XCTest.framework */ = {isa = PBXFileReference; lastKnownFileType = wrapper.framework; name = XCTest.framework; path = Library/Frameworks/XCTest.framework; sourceTree = DEVELOPER_DIR; };
		726EFA79190D94B00076029B /* OmNomDonutsTests-Info.plist */ = {isa = PBXFileReference; lastKnownFileType = text.plist.xml; path = "OmNomDonutsTests-Info.plist"; sourceTree = "<group>"; };
		726EFA7B190D94B00076029B /* en */ = {isa = PBXFileReference; lastKnownFileType = text.plist.strings; name = en; path = en.lproj/InfoPlist.strings; sourceTree = "<group>"; };
		726EFA7D190D94B00076029B /* OmNomDonutsTests.m */ = {isa = PBXFileReference; lastKnownFileType = sourcecode.c.objc; path = OmNomDonutsTests.m; sourceTree = "<group>"; };
		726EFA87190D9B270076029B /* GameScene.h */ = {isa = PBXFileReference; fileEncoding = 4; lastKnownFileType = sourcecode.c.h; path = GameScene.h; sourceTree = "<group>"; };
		726EFA88190D9B280076029B /* GameScene.m */ = {isa = PBXFileReference; fileEncoding = 4; lastKnownFileType = sourcecode.c.objc; path = GameScene.m; sourceTree = "<group>"; };
		72A1F24F1C856BBC00024205 /* GameConfig.h */ = {isa = PBXFileReference; fileEncoding = 4; lastKnownFileType = sourcecode.c.h; path = GameConfig.h; sourceTree = "<group>"; };
		72A1F2501C856BBC00024205 /* GameConfig.m */ = {isa = PBXFileReference; fileEncoding = 4; lastKnownFileType = sourcecode.c.objc; path = GameConfig.m; sourceTree = "<group>"; };
		72A3D20A19293D07002C29E1 /* Donut.h */ = {isa = PBXFileReference; fileEncoding = 4; lastKnownFileType = sourcecode.c.h; path = Donut.h; sourceTree = "<group>"; };
		72DAD9D31D2C5079001C5516 /* SKNode+Utils.h */ = {isa = PBXFileReference; fileEncoding = 4; lastKnownFileType = sourcecode.c.h; path = "SKNode+Utils.h"; sourceTree = "<group>"; };
		72DAD9D41D2C5079001C5516 /* SKNode+Utils.m */ = {isa = PBXFileReference; fileEncoding = 4; lastKnownFileType = sourcecode.c.objc; path = "SKNode+Utils.m"; sourceTree = "<group>"; };
		72E0D6E11D2C611B00693A46 /* PlayNode.h */ = {isa = PBXFileReference; fileEncoding = 4; lastKnownFileType = sourcecode.c.h; path = PlayNode.h; sourceTree = "<group>"; };
		72E0D6E21D2C611B00693A46 /* PlayNode.m */ = {isa = PBXFileReference; fileEncoding = 4; lastKnownFileType = sourcecode.c.objc; path = PlayNode.m; sourceTree = "<group>"; };
		72E0D6E41D2C632500693A46 /* MenuNode.h */ = {isa = PBXFileReference; fileEncoding = 4; lastKnownFileType = sourcecode.c.h; path = MenuNode.h; sourceTree = "<group>"; };
		72E0D6E51D2C632500693A46 /* MenuNode.m */ = {isa = PBXFileReference; fileEncoding = 4; lastKnownFileType = sourcecode.c.objc; path = MenuNode.m; sourceTree = "<group>"; };
		72FE869E1CF28980007350BC /* omnomdonuts_theme_draft_105bpm.m4a */ = {isa = PBXFileReference; lastKnownFileType = file; path = omnomdonuts_theme_draft_105bpm.m4a; sourceTree = "<group>"; };
		72FFC5C91D84A85300E82896 /* SettingsNode.h */ = {isa = PBXFileReference; fileEncoding = 4; lastKnownFileType = sourcecode.c.h; path = SettingsNode.h; sourceTree = "<group>"; };
		72FFC5CA1D84A85300E82896 /* SettingsNode.m */ = {isa = PBXFileReference; fileEncoding = 4; lastKnownFileType = sourcecode.c.objc; path = SettingsNode.m; sourceTree = "<group>"; };
		72FFC5D31D84C8F500E82896 /* Slider.h */ = {isa = PBXFileReference; fileEncoding = 4; lastKnownFileType = sourcecode.c.h; path = Slider.h; sourceTree = "<group>"; };
		72FFC5D41D84C8F500E82896 /* Slider.m */ = {isa = PBXFileReference; fileEncoding = 4; lastKnownFileType = sourcecode.c.objc; path = Slider.m; sourceTree = "<group>"; };
/* End PBXFileReference section */

/* Begin PBXFrameworksBuildPhase section */
		726EFA45190D94AF0076029B /* Frameworks */ = {
			isa = PBXFrameworksBuildPhase;
			buildActionMask = 2147483647;
			files = (
				726EFA4E190D94AF0076029B /* CoreGraphics.framework in Frameworks */,
				726EFA50190D94AF0076029B /* UIKit.framework in Frameworks */,
				726EFA52190D94AF0076029B /* SpriteKit.framework in Frameworks */,
				726EFA4C190D94AF0076029B /* Foundation.framework in Frameworks */,
			);
			runOnlyForDeploymentPostprocessing = 0;
		};
		726EFA6D190D94B00076029B /* Frameworks */ = {
			isa = PBXFrameworksBuildPhase;
			buildActionMask = 2147483647;
			files = (
				726EFA72190D94B00076029B /* XCTest.framework in Frameworks */,
				726EFA74190D94B00076029B /* UIKit.framework in Frameworks */,
				726EFA73190D94B00076029B /* Foundation.framework in Frameworks */,
			);
			runOnlyForDeploymentPostprocessing = 0;
		};
/* End PBXFrameworksBuildPhase section */

/* Begin PBXGroup section */
		7218BC781CF286D9006582D2 /* Resources */ = {
			isa = PBXGroup;
			children = (
				72FE869E1CF28980007350BC /* omnomdonuts_theme_draft_105bpm.m4a */,
				7218BC791CF28716006582D2 /* woop_up.caf */,
				7218BC7A1CF28716006582D2 /* woop_down.caf */,
				726EFA6A190D94AF0076029B /* Images.xcassets */,
			);
			name = Resources;
			sourceTree = "<group>";
		};
		7263B00619C4E6930053D61B /* GameScene */ = {
			isa = PBXGroup;
			children = (
				726EFA87190D9B270076029B /* GameScene.h */,
				726EFA88190D9B280076029B /* GameScene.m */,
				72A3D20A19293D07002C29E1 /* Donut.h */,
				7263B00A19C4E7350053D61B /* LifeCounterNode.h */,
				7263B00B19C4E7350053D61B /* LifeCounterNode.m */,
				720B0FA41C6F0CE900D1FEC1 /* ScoreCounterNode.h */,
				720B0FA51C6F0CE900D1FEC1 /* ScoreCounterNode.m */,
				720B0FA71C6F10EB00D1FEC1 /* PauseNode.h */,
				720B0FA81C6F10EB00D1FEC1 /* PauseNode.m */,
				720B0FAA1C6F12E800D1FEC1 /* MissNode.h */,
				720B0FAB1C6F12E800D1FEC1 /* MissNode.m */,
				72A1F24F1C856BBC00024205 /* GameConfig.h */,
				72A1F2501C856BBC00024205 /* GameConfig.m */,
				721B751B1CBB151800C38B1F /* RegularDonut.h */,
				721B751C1CBB151800C38B1F /* RegularDonut.m */,
				721B751E1CBB1C7400C38B1F /* DeceleratorDonut.h */,
				721B751F1CBB1C7400C38B1F /* DeceleratorDonut.m */,
				721B75211CBB223C00C38B1F /* BlackholeDonut.h */,
				721B75221CBB223C00C38B1F /* BlackholeDonut.m */,
				721B75241CBB26E400C38B1F /* BouncingDonut.h */,
				721B75251CBB26E400C38B1F /* BouncingDonut.m */,
			);
			name = GameScene;
			sourceTree = "<group>";
		};
		7263B00719C4E6A50053D61B /* Other */ = {
			isa = PBXGroup;
			children = (
				72E0D6E11D2C611B00693A46 /* PlayNode.h */,
				72E0D6E21D2C611B00693A46 /* PlayNode.m */,
				72DAD9D31D2C5079001C5516 /* SKNode+Utils.h */,
				72DAD9D41D2C5079001C5516 /* SKNode+Utils.m */,
				720B0FAE1C6F1F0200D1FEC1 /* SKNode+Control.m */,
				720B0FAD1C6F1F0200D1FEC1 /* SKNode+Control.h */,
				72446A331C74480100B89D42 /* NSArray+Utils.h */,
				72446A341C74480100B89D42 /* NSArray+Utils.m */,
				72E0D6E41D2C632500693A46 /* MenuNode.h */,
				72E0D6E51D2C632500693A46 /* MenuNode.m */,
				72FFC5C91D84A85300E82896 /* SettingsNode.h */,
				72FFC5CA1D84A85300E82896 /* SettingsNode.m */,
			);
			name = Other;
			sourceTree = "<group>";
		};
		7263B00919C4E6D60053D61B /* MainMenuScene */ = {
			isa = PBXGroup;
			children = (
				726EFA65190D94AF0076029B /* MainMenuScene.h */,
				726EFA66190D94AF0076029B /* MainMenuScene.m */,
				72FFC5D31D84C8F500E82896 /* Slider.h */,
				72FFC5D41D84C8F500E82896 /* Slider.m */,
			);
			name = MainMenuScene;
			sourceTree = "<group>";
		};
		726EFA3F190D94AF0076029B = {
			isa = PBXGroup;
			children = (
				726EFA53190D94AF0076029B /* OmNomDonuts */,
				726EFA77190D94B00076029B /* OmNomDonutsTests */,
				726EFA4A190D94AF0076029B /* Frameworks */,
				726EFA49190D94AF0076029B /* Products */,
			);
			sourceTree = "<group>";
		};
		726EFA49190D94AF0076029B /* Products */ = {
			isa = PBXGroup;
			children = (
				726EFA48190D94AF0076029B /* OmNomDonuts.app */,
				726EFA70190D94B00076029B /* OmNomDonutsTests.xctest */,
			);
			name = Products;
			sourceTree = "<group>";
		};
		726EFA4A190D94AF0076029B /* Frameworks */ = {
			isa = PBXGroup;
			children = (
				726EFA4B190D94AF0076029B /* Foundation.framework */,
				726EFA4D190D94AF0076029B /* CoreGraphics.framework */,
				726EFA4F190D94AF0076029B /* UIKit.framework */,
				726EFA51190D94AF0076029B /* SpriteKit.framework */,
				726EFA71190D94B00076029B /* XCTest.framework */,
			);
			name = Frameworks;
			sourceTree = "<group>";
		};
		726EFA53190D94AF0076029B /* OmNomDonuts */ = {
			isa = PBXGroup;
			children = (
				7218BC781CF286D9006582D2 /* Resources */,
				7263B00619C4E6930053D61B /* GameScene */,
				7263B00719C4E6A50053D61B /* Other */,
				7263B00919C4E6D60053D61B /* MainMenuScene */,
				726EFA54190D94AF0076029B /* Supporting Files */,
			);
			path = OmNomDonuts;
			sourceTree = "<group>";
		};
		726EFA54190D94AF0076029B /* Supporting Files */ = {
			isa = PBXGroup;
			children = (
				726EFA5C190D94AF0076029B /* AppDelegate.h */,
				726EFA5D190D94AF0076029B /* AppDelegate.m */,
				726EFA5F190D94AF0076029B /* Main.storyboard */,
				726EFA62190D94AF0076029B /* ViewController.h */,
				726EFA63190D94AF0076029B /* ViewController.m */,
				726EFA55190D94AF0076029B /* OmNomDonuts-Info.plist */,
				726EFA56190D94AF0076029B /* InfoPlist.strings */,
				726EFA59190D94AF0076029B /* main.m */,
				726EFA5B190D94AF0076029B /* OmNomDonuts-Prefix.pch */,
				720B0FA21C6F052100D1FEC1 /* Launch Screen.storyboard */,
			);
			name = "Supporting Files";
			sourceTree = "<group>";
		};
		726EFA77190D94B00076029B /* OmNomDonutsTests */ = {
			isa = PBXGroup;
			children = (
				726EFA7D190D94B00076029B /* OmNomDonutsTests.m */,
				726EFA78190D94B00076029B /* Supporting Files */,
			);
			path = OmNomDonutsTests;
			sourceTree = "<group>";
		};
		726EFA78190D94B00076029B /* Supporting Files */ = {
			isa = PBXGroup;
			children = (
				726EFA79190D94B00076029B /* OmNomDonutsTests-Info.plist */,
				726EFA7A190D94B00076029B /* InfoPlist.strings */,
			);
			name = "Supporting Files";
			sourceTree = "<group>";
		};
/* End PBXGroup section */

/* Begin PBXNativeTarget section */
		726EFA47190D94AF0076029B /* OmNomDonuts */ = {
			isa = PBXNativeTarget;
			buildConfigurationList = 726EFA81190D94B00076029B /* Build configuration list for PBXNativeTarget "OmNomDonuts" */;
			buildPhases = (
				726EFA44190D94AF0076029B /* Sources */,
				726EFA45190D94AF0076029B /* Frameworks */,
				726EFA46190D94AF0076029B /* Resources */,
			);
			buildRules = (
			);
			dependencies = (
			);
			name = OmNomDonuts;
			productName = OmNomDonuts;
			productReference = 726EFA48190D94AF0076029B /* OmNomDonuts.app */;
			productType = "com.apple.product-type.application";
		};
		726EFA6F190D94B00076029B /* OmNomDonutsTests */ = {
			isa = PBXNativeTarget;
			buildConfigurationList = 726EFA84190D94B00076029B /* Build configuration list for PBXNativeTarget "OmNomDonutsTests" */;
			buildPhases = (
				726EFA6C190D94B00076029B /* Sources */,
				726EFA6D190D94B00076029B /* Frameworks */,
				726EFA6E190D94B00076029B /* Resources */,
			);
			buildRules = (
			);
			dependencies = (
				726EFA76190D94B00076029B /* PBXTargetDependency */,
			);
			name = OmNomDonutsTests;
			productName = OmNomDonutsTests;
			productReference = 726EFA70190D94B00076029B /* OmNomDonutsTests.xctest */;
			productType = "com.apple.product-type.bundle.unit-test";
		};
/* End PBXNativeTarget section */

/* Begin PBXProject section */
		726EFA40190D94AF0076029B /* Project object */ = {
			isa = PBXProject;
			attributes = {
				LastUpgradeCheck = 0720;
				TargetAttributes = {
					726EFA47190D94AF0076029B = {
						DevelopmentTeam = 9UC824J6W7;
					};
					726EFA6F190D94B00076029B = {
						TestTargetID = 726EFA47190D94AF0076029B;
					};
				};
			};
			buildConfigurationList = 726EFA43190D94AF0076029B /* Build configuration list for PBXProject "OmNomDonuts" */;
			compatibilityVersion = "Xcode 3.2";
			developmentRegion = English;
			hasScannedForEncodings = 0;
			knownRegions = (
				en,
				Base,
			);
			mainGroup = 726EFA3F190D94AF0076029B;
			productRefGroup = 726EFA49190D94AF0076029B /* Products */;
			projectDirPath = "";
			projectRoot = "";
			targets = (
				726EFA47190D94AF0076029B /* OmNomDonuts */,
				726EFA6F190D94B00076029B /* OmNomDonutsTests */,
			);
		};
/* End PBXProject section */

/* Begin PBXResourcesBuildPhase section */
		726EFA46190D94AF0076029B /* Resources */ = {
			isa = PBXResourcesBuildPhase;
			buildActionMask = 2147483647;
			files = (
				726EFA58190D94AF0076029B /* InfoPlist.strings in Resources */,
				726EFA6B190D94AF0076029B /* Images.xcassets in Resources */,
				72FE869F1CF28980007350BC /* omnomdonuts_theme_draft_105bpm.m4a in Resources */,
				726EFA61190D94AF0076029B /* Main.storyboard in Resources */,
				720B0FA31C6F052100D1FEC1 /* Launch Screen.storyboard in Resources */,
				7218BC7B1CF28716006582D2 /* woop_up.caf in Resources */,
				7218BC7C1CF28716006582D2 /* woop_down.caf in Resources */,
			);
			runOnlyForDeploymentPostprocessing = 0;
		};
		726EFA6E190D94B00076029B /* Resources */ = {
			isa = PBXResourcesBuildPhase;
			buildActionMask = 2147483647;
			files = (
				726EFA7C190D94B00076029B /* InfoPlist.strings in Resources */,
			);
			runOnlyForDeploymentPostprocessing = 0;
		};
/* End PBXResourcesBuildPhase section */

/* Begin PBXSourcesBuildPhase section */
		726EFA44190D94AF0076029B /* Sources */ = {
			isa = PBXSourcesBuildPhase;
			buildActionMask = 2147483647;
			files = (
				720B0FA91C6F10EB00D1FEC1 /* PauseNode.m in Sources */,
				721B75201CBB1C7400C38B1F /* DeceleratorDonut.m in Sources */,
				726EFA67190D94AF0076029B /* MainMenuScene.m in Sources */,
				72A1F2511C856BBC00024205 /* GameConfig.m in Sources */,
				72FFC5CB1D84A85300E82896 /* SettingsNode.m in Sources */,
				72E0D6E61D2C632500693A46 /* MenuNode.m in Sources */,
				7263B00C19C4E7350053D61B /* LifeCounterNode.m in Sources */,
				720B0FAF1C6F1F0200D1FEC1 /* SKNode+Control.m in Sources */,
				72FFC5D51D84C8F500E82896 /* Slider.m in Sources */,
				726EFA64190D94AF0076029B /* ViewController.m in Sources */,
				72446A351C74480100B89D42 /* NSArray+Utils.m in Sources */,
				72DAD9D51D2C5079001C5516 /* SKNode+Utils.m in Sources */,
				726EFA89190D9B280076029B /* GameScene.m in Sources */,
				721B751D1CBB151800C38B1F /* RegularDonut.m in Sources */,
				726EFA5E190D94AF0076029B /* AppDelegate.m in Sources */,
				72E0D6E31D2C611B00693A46 /* PlayNode.m in Sources */,
				726EFA5A190D94AF0076029B /* main.m in Sources */,
				720B0FAC1C6F12E800D1FEC1 /* MissNode.m in Sources */,
				721B75231CBB223C00C38B1F /* BlackholeDonut.m in Sources */,
				720B0FA61C6F0CE900D1FEC1 /* ScoreCounterNode.m in Sources */,
				721B75261CBB26E400C38B1F /* BouncingDonut.m in Sources */,
			);
			runOnlyForDeploymentPostprocessing = 0;
		};
		726EFA6C190D94B00076029B /* Sources */ = {
			isa = PBXSourcesBuildPhase;
			buildActionMask = 2147483647;
			files = (
				726EFA7E190D94B00076029B /* OmNomDonutsTests.m in Sources */,
			);
			runOnlyForDeploymentPostprocessing = 0;
		};
/* End PBXSourcesBuildPhase section */

/* Begin PBXTargetDependency section */
		726EFA76190D94B00076029B /* PBXTargetDependency */ = {
			isa = PBXTargetDependency;
			target = 726EFA47190D94AF0076029B /* OmNomDonuts */;
			targetProxy = 726EFA75190D94B00076029B /* PBXContainerItemProxy */;
		};
/* End PBXTargetDependency section */

/* Begin PBXVariantGroup section */
		726EFA56190D94AF0076029B /* InfoPlist.strings */ = {
			isa = PBXVariantGroup;
			children = (
				726EFA57190D94AF0076029B /* en */,
			);
			name = InfoPlist.strings;
			sourceTree = "<group>";
		};
		726EFA5F190D94AF0076029B /* Main.storyboard */ = {
			isa = PBXVariantGroup;
			children = (
				726EFA60190D94AF0076029B /* Base */,
			);
			name = Main.storyboard;
			sourceTree = "<group>";
		};
		726EFA7A190D94B00076029B /* InfoPlist.strings */ = {
			isa = PBXVariantGroup;
			children = (
				726EFA7B190D94B00076029B /* en */,
			);
			name = InfoPlist.strings;
			sourceTree = "<group>";
		};
/* End PBXVariantGroup section */

/* Begin XCBuildConfiguration section */
		726EFA7F190D94B00076029B /* Debug */ = {
			isa = XCBuildConfiguration;
			buildSettings = {
				ALWAYS_SEARCH_USER_PATHS = NO;
				CLANG_CXX_LANGUAGE_STANDARD = "gnu++0x";
				CLANG_CXX_LIBRARY = "libc++";
				CLANG_ENABLE_MODULES = YES;
				CLANG_ENABLE_OBJC_ARC = YES;
				CLANG_WARN_BOOL_CONVERSION = YES;
				CLANG_WARN_CONSTANT_CONVERSION = YES;
				CLANG_WARN_DIRECT_OBJC_ISA_USAGE = YES_ERROR;
				CLANG_WARN_EMPTY_BODY = YES;
				CLANG_WARN_ENUM_CONVERSION = YES;
				CLANG_WARN_INT_CONVERSION = YES;
				CLANG_WARN_OBJC_ROOT_CLASS = YES_ERROR;
				CLANG_WARN__DUPLICATE_METHOD_MATCH = YES;
				"CODE_SIGN_IDENTITY[sdk=iphoneos*]" = "iPhone Developer";
				COPY_PHASE_STRIP = NO;
				ENABLE_TESTABILITY = YES;
				GCC_C_LANGUAGE_STANDARD = gnu99;
				GCC_DYNAMIC_NO_PIC = NO;
				GCC_OPTIMIZATION_LEVEL = 0;
				GCC_PREPROCESSOR_DEFINITIONS = (
					"DEBUG=1",
					"$(inherited)",
				);
				GCC_SYMBOLS_PRIVATE_EXTERN = NO;
				GCC_WARN_64_TO_32_BIT_CONVERSION = YES;
				GCC_WARN_ABOUT_RETURN_TYPE = YES_ERROR;
				GCC_WARN_UNDECLARED_SELECTOR = YES;
				GCC_WARN_UNINITIALIZED_AUTOS = YES_AGGRESSIVE;
				GCC_WARN_UNUSED_FUNCTION = YES;
				GCC_WARN_UNUSED_VARIABLE = YES;
				IPHONEOS_DEPLOYMENT_TARGET = 7.1;
				ONLY_ACTIVE_ARCH = YES;
				SDKROOT = iphoneos;
			};
			name = Debug;
		};
		726EFA80190D94B00076029B /* Release */ = {
			isa = XCBuildConfiguration;
			buildSettings = {
				ALWAYS_SEARCH_USER_PATHS = NO;
				CLANG_CXX_LANGUAGE_STANDARD = "gnu++0x";
				CLANG_CXX_LIBRARY = "libc++";
				CLANG_ENABLE_MODULES = YES;
				CLANG_ENABLE_OBJC_ARC = YES;
				CLANG_WARN_BOOL_CONVERSION = YES;
				CLANG_WARN_CONSTANT_CONVERSION = YES;
				CLANG_WARN_DIRECT_OBJC_ISA_USAGE = YES_ERROR;
				CLANG_WARN_EMPTY_BODY = YES;
				CLANG_WARN_ENUM_CONVERSION = YES;
				CLANG_WARN_INT_CONVERSION = YES;
				CLANG_WARN_OBJC_ROOT_CLASS = YES_ERROR;
				CLANG_WARN__DUPLICATE_METHOD_MATCH = YES;
				"CODE_SIGN_IDENTITY[sdk=iphoneos*]" = "iPhone Developer";
				COPY_PHASE_STRIP = YES;
				ENABLE_NS_ASSERTIONS = NO;
				GCC_C_LANGUAGE_STANDARD = gnu99;
				GCC_WARN_64_TO_32_BIT_CONVERSION = YES;
				GCC_WARN_ABOUT_RETURN_TYPE = YES_ERROR;
				GCC_WARN_UNDECLARED_SELECTOR = YES;
				GCC_WARN_UNINITIALIZED_AUTOS = YES_AGGRESSIVE;
				GCC_WARN_UNUSED_FUNCTION = YES;
				GCC_WARN_UNUSED_VARIABLE = YES;
				IPHONEOS_DEPLOYMENT_TARGET = 7.1;
				SDKROOT = iphoneos;
				VALIDATE_PRODUCT = YES;
			};
			name = Release;
		};
		726EFA82190D94B00076029B /* Debug */ = {
			isa = XCBuildConfiguration;
			buildSettings = {
				ASSETCATALOG_COMPILER_APPICON_NAME = AppIcon;
				CODE_SIGN_IDENTITY = "iPhone Developer";
				GCC_PRECOMPILE_PREFIX_HEADER = YES;
				GCC_PREFIX_HEADER = "OmNomDonuts/OmNomDonuts-Prefix.pch";
				INFOPLIST_FILE = "OmNomDonuts/OmNomDonuts-Info.plist";
				IPHONEOS_DEPLOYMENT_TARGET = 8.0;
				PRODUCT_BUNDLE_IDENTIFIER = "com.lemoncakestudios.${PRODUCT_NAME:rfc1034identifier}";
				PRODUCT_NAME = "$(TARGET_NAME)";
				PROVISIONING_PROFILE = "";
				SPRITEKIT_TEXTURE_ATLAS_OUTPUT = YES;
				WRAPPER_EXTENSION = app;
			};
			name = Debug;
		};
		726EFA83190D94B00076029B /* Release */ = {
			isa = XCBuildConfiguration;
			buildSettings = {
				ASSETCATALOG_COMPILER_APPICON_NAME = AppIcon;
				CODE_SIGN_IDENTITY = "iPhone Developer";
				GCC_PRECOMPILE_PREFIX_HEADER = YES;
				GCC_PREFIX_HEADER = "OmNomDonuts/OmNomDonuts-Prefix.pch";
				INFOPLIST_FILE = "OmNomDonuts/OmNomDonuts-Info.plist";
				IPHONEOS_DEPLOYMENT_TARGET = 8.0;
				PRODUCT_BUNDLE_IDENTIFIER = "com.lemoncakestudios.${PRODUCT_NAME:rfc1034identifier}";
				PRODUCT_NAME = "$(TARGET_NAME)";
				PROVISIONING_PROFILE = "";
				SPRITEKIT_TEXTURE_ATLAS_OUTPUT = YES;
				WRAPPER_EXTENSION = app;
			};
			name = Release;
		};
		726EFA85190D94B00076029B /* Debug */ = {
			isa = XCBuildConfiguration;
			buildSettings = {
				BUNDLE_LOADER = "$(BUILT_PRODUCTS_DIR)/OmNomDonuts.app/OmNomDonuts";
				FRAMEWORK_SEARCH_PATHS = (
					"$(SDKROOT)/Developer/Library/Frameworks",
					"$(inherited)",
					"$(DEVELOPER_FRAMEWORKS_DIR)",
				);
				GCC_PRECOMPILE_PREFIX_HEADER = YES;
				GCC_PREFIX_HEADER = "OmNomDonuts/OmNomDonuts-Prefix.pch";
				GCC_PREPROCESSOR_DEFINITIONS = (
					"DEBUG=1",
					"$(inherited)",
				);
				INFOPLIST_FILE = "OmNomDonutsTests/OmNomDonutsTests-Info.plist";
				PRODUCT_BUNDLE_IDENTIFIER = "com.lemoncakestudios.${PRODUCT_NAME:rfc1034identifier}";
				PRODUCT_NAME = "$(TARGET_NAME)";
				TEST_HOST = "$(BUNDLE_LOADER)";
				WRAPPER_EXTENSION = xctest;
			};
			name = Debug;
		};
		726EFA86190D94B00076029B /* Release */ = {
			isa = XCBuildConfiguration;
			buildSettings = {
				BUNDLE_LOADER = "$(BUILT_PRODUCTS_DIR)/OmNomDonuts.app/OmNomDonuts";
				FRAMEWORK_SEARCH_PATHS = (
					"$(SDKROOT)/Developer/Library/Frameworks",
					"$(inherited)",
					"$(DEVELOPER_FRAMEWORKS_DIR)",
				);
				GCC_PRECOMPILE_PREFIX_HEADER = YES;
				GCC_PREFIX_HEADER = "OmNomDonuts/OmNomDonuts-Prefix.pch";
				INFOPLIST_FILE = "OmNomDonutsTests/OmNomDonutsTests-Info.plist";
				PRODUCT_BUNDLE_IDENTIFIER = "com.lemoncakestudios.${PRODUCT_NAME:rfc1034identifier}";
				PRODUCT_NAME = "$(TARGET_NAME)";
				TEST_HOST = "$(BUNDLE_LOADER)";
				WRAPPER_EXTENSION = xctest;
			};
			name = Release;
		};
/* End XCBuildConfiguration section */

/* Begin XCConfigurationList section */
		726EFA43190D94AF0076029B /* Build configuration list for PBXProject "OmNomDonuts" */ = {
			isa = XCConfigurationList;
			buildConfigurations = (
				726EFA7F190D94B00076029B /* Debug */,
				726EFA80190D94B00076029B /* Release */,
			);
			defaultConfigurationIsVisible = 0;
			defaultConfigurationName = Release;
		};
		726EFA81190D94B00076029B /* Build configuration list for PBXNativeTarget "OmNomDonuts" */ = {
			isa = XCConfigurationList;
			buildConfigurations = (
				726EFA82190D94B00076029B /* Debug */,
				726EFA83190D94B00076029B /* Release */,
			);
			defaultConfigurationIsVisible = 0;
			defaultConfigurationName = Release;
		};
		726EFA84190D94B00076029B /* Build configuration list for PBXNativeTarget "OmNomDonutsTests" */ = {
			isa = XCConfigurationList;
			buildConfigurations = (
				726EFA85190D94B00076029B /* Debug */,
				726EFA86190D94B00076029B /* Release */,
			);
			defaultConfigurationIsVisible = 0;
			defaultConfigurationName = Release;
		};
/* End XCConfigurationList section */
	};
	rootObject = 726EFA40190D94AF0076029B /* Project object */;
}
